// !$*UTF8*$!
{
	archiveVersion = 1;
	classes = {
	};
	objectVersion = 50;
	objects = {

/* Begin PBXBuildFile section */
		BA96D783247ECC2E000E3C5F /* AppDelegate.swift in Sources */ = {isa = PBXBuildFile; fileRef = BA96D782247ECC2E000E3C5F /* AppDelegate.swift */; };
		BA96D785247ECC2E000E3C5F /* SceneDelegate.swift in Sources */ = {isa = PBXBuildFile; fileRef = BA96D784247ECC2E000E3C5F /* SceneDelegate.swift */; };
		BA96D787247ECC2E000E3C5F /* Controller.swift in Sources */ = {isa = PBXBuildFile; fileRef = BA96D786247ECC2E000E3C5F /* Controller.swift */; };
		BA96D78A247ECC2E000E3C5F /* Main.storyboard in Resources */ = {isa = PBXBuildFile; fileRef = BA96D788247ECC2E000E3C5F /* Main.storyboard */; };
		BA96D78C247ECC31000E3C5F /* Assets.xcassets in Resources */ = {isa = PBXBuildFile; fileRef = BA96D78B247ECC31000E3C5F /* Assets.xcassets */; };
		BA96D78F247ECC31000E3C5F /* LaunchScreen.storyboard in Resources */ = {isa = PBXBuildFile; fileRef = BA96D78D247ECC31000E3C5F /* LaunchScreen.storyboard */; };
		BA9977A7248AB2FD002E9639 /* Model.swift in Sources */ = {isa = PBXBuildFile; fileRef = BA9977A6248AB2FD002E9639 /* Model.swift */; };
/* End PBXBuildFile section */

/* Begin PBXFileReference section */
		BA96D77F247ECC2E000E3C5F /* BullsEyeMVC.app */ = {isa = PBXFileReference; explicitFileType = wrapper.application; includeInIndex = 0; path = BullsEyeMVC.app; sourceTree = BUILT_PRODUCTS_DIR; };
		BA96D782247ECC2E000E3C5F /* AppDelegate.swift */ = {isa = PBXFileReference; lastKnownFileType = sourcecode.swift; path = AppDelegate.swift; sourceTree = "<group>"; };
		BA96D784247ECC2E000E3C5F /* SceneDelegate.swift */ = {isa = PBXFileReference; lastKnownFileType = sourcecode.swift; path = SceneDelegate.swift; sourceTree = "<group>"; };
		BA96D786247ECC2E000E3C5F /* Controller.swift */ = {isa = PBXFileReference; lastKnownFileType = sourcecode.swift; path = Controller.swift; sourceTree = "<group>"; };
		BA96D789247ECC2E000E3C5F /* Base */ = {isa = PBXFileReference; lastKnownFileType = file.storyboard; name = Base; path = Base.lproj/Main.storyboard; sourceTree = "<group>"; };
		BA96D78B247ECC31000E3C5F /* Assets.xcassets */ = {isa = PBXFileReference; lastKnownFileType = folder.assetcatalog; path = Assets.xcassets; sourceTree = "<group>"; };
		BA96D78E247ECC31000E3C5F /* Base */ = {isa = PBXFileReference; lastKnownFileType = file.storyboard; name = Base; path = Base.lproj/LaunchScreen.storyboard; sourceTree = "<group>"; };
		BA96D790247ECC31000E3C5F /* Info.plist */ = {isa = PBXFileReference; lastKnownFileType = text.plist.xml; path = Info.plist; sourceTree = "<group>"; };
		BA9977A6248AB2FD002E9639 /* Model.swift */ = {isa = PBXFileReference; lastKnownFileType = sourcecode.swift; path = Model.swift; sourceTree = "<group>"; };
/* End PBXFileReference section */

/* Begin PBXFrameworksBuildPhase section */
		BA96D77C247ECC2E000E3C5F /* Frameworks */ = {
			isa = PBXFrameworksBuildPhase;
			buildActionMask = 2147483647;
			files = (
			);
			runOnlyForDeploymentPostprocessing = 0;
		};
/* End PBXFrameworksBuildPhase section */

/* Begin PBXGroup section */
		BA96D776247ECC2E000E3C5F = {
			isa = PBXGroup;
			children = (
				BA96D781247ECC2E000E3C5F /* BullsEyeMVC */,
				BA96D780247ECC2E000E3C5F /* Products */,
			);
			sourceTree = "<group>";
		};
		BA96D780247ECC2E000E3C5F /* Products */ = {
			isa = PBXGroup;
			children = (
				BA96D77F247ECC2E000E3C5F /* BullsEyeMVC.app */,
			);
			name = Products;
			sourceTree = "<group>";
		};
		BA96D781247ECC2E000E3C5F /* BullsEyeMVC */ = {
			isa = PBXGroup;
			children = (
				BA9977A6248AB2FD002E9639 /* Model.swift */,
				BA96D786247ECC2E000E3C5F /* Controller.swift */,
				BA96D788247ECC2E000E3C5F /* Main.storyboard */,
				BA96D78D247ECC31000E3C5F /* LaunchScreen.storyboard */,
				BA96D78B247ECC31000E3C5F /* Assets.xcassets */,
				BA96D782247ECC2E000E3C5F /* AppDelegate.swift */,
				BA96D784247ECC2E000E3C5F /* SceneDelegate.swift */,
				BA96D790247ECC31000E3C5F /* Info.plist */,
			);
			path = BullsEyeMVC;
			sourceTree = "<group>";
		};
/* End PBXGroup section */

/* Begin PBXNativeTarget section */
		BA96D77E247ECC2E000E3C5F /* BullsEyeMVC */ = {
			isa = PBXNativeTarget;
			buildConfigurationList = BA96D793247ECC31000E3C5F /* Build configuration list for PBXNativeTarget "BullsEyeMVC" */;
			buildPhases = (
				BA96D77B247ECC2E000E3C5F /* Sources */,
				BA96D77C247ECC2E000E3C5F /* Frameworks */,
				BA96D77D247ECC2E000E3C5F /* Resources */,
			);
			buildRules = (
			);
			dependencies = (
			);
			name = BullsEyeMVC;
			productName = BullsEye;
			productReference = BA96D77F247ECC2E000E3C5F /* BullsEyeMVC.app */;
			productType = "com.apple.product-type.application";
		};
/* End PBXNativeTarget section */

/* Begin PBXProject section */
		BA96D777247ECC2E000E3C5F /* Project object */ = {
			isa = PBXProject;
			attributes = {
				LastSwiftUpdateCheck = 1150;
				LastUpgradeCheck = 1150;
				ORGANIZATIONNAME = "Alberto Talavan";
				TargetAttributes = {
					BA96D77E247ECC2E000E3C5F = {
						CreatedOnToolsVersion = 11.5;
					};
				};
			};
			buildConfigurationList = BA96D77A247ECC2E000E3C5F /* Build configuration list for PBXProject "BullsEyeMVC" */;
			compatibilityVersion = "Xcode 9.3";
			developmentRegion = en;
			hasScannedForEncodings = 0;
			knownRegions = (
				en,
				Base,
			);
			mainGroup = BA96D776247ECC2E000E3C5F;
			productRefGroup = BA96D780247ECC2E000E3C5F /* Products */;
			projectDirPath = "";
			projectRoot = "";
			targets = (
				BA96D77E247ECC2E000E3C5F /* BullsEyeMVC */,
			);
		};
/* End PBXProject section */

/* Begin PBXResourcesBuildPhase section */
		BA96D77D247ECC2E000E3C5F /* Resources */ = {
			isa = PBXResourcesBuildPhase;
			buildActionMask = 2147483647;
			files = (
				BA96D78F247ECC31000E3C5F /* LaunchScreen.storyboard in Resources */,
				BA96D78C247ECC31000E3C5F /* Assets.xcassets in Resources */,
				BA96D78A247ECC2E000E3C5F /* Main.storyboard in Resources */,
			);
			runOnlyForDeploymentPostprocessing = 0;
		};
/* End PBXResourcesBuildPhase section */

/* Begin PBXSourcesBuildPhase section */
		BA96D77B247ECC2E000E3C5F /* Sources */ = {
			isa = PBXSourcesBuildPhase;
			buildActionMask = 2147483647;
			files = (
				BA9977A7248AB2FD002E9639 /* Model.swift in Sources */,
				BA96D787247ECC2E000E3C5F /* Controller.swift in Sources */,
				BA96D783247ECC2E000E3C5F /* AppDelegate.swift in Sources */,
				BA96D785247ECC2E000E3C5F /* SceneDelegate.swift in Sources */,
			);
			runOnlyForDeploymentPostprocessing = 0;
		};
/* End PBXSourcesBuildPhase section */

/* Begin PBXVariantGroup section */
		BA96D788247ECC2E000E3C5F /* Main.storyboard */ = {
			isa = PBXVariantGroup;
			children = (
				BA96D789247ECC2E000E3C5F /* Base */,
			);
			name = Main.storyboard;
			sourceTree = "<group>";
		};
		BA96D78D247ECC31000E3C5F /* LaunchScreen.storyboard */ = {
			isa = PBXVariantGroup;
			children = (
				BA96D78E247ECC31000E3C5F /* Base */,
			);
			name = LaunchScreen.storyboard;
			sourceTree = "<group>";
		};
/* End PBXVariantGroup section */

/* Begin XCBuildConfiguration section */
		BA96D791247ECC31000E3C5F /* Debug */ = {
			isa = XCBuildConfiguration;
			buildSettings = {
				ALWAYS_SEARCH_USER_PATHS = NO;
				CLANG_ANALYZER_NONNULL = YES;
				CLANG_ANALYZER_NUMBER_OBJECT_CONVERSION = YES_AGGRESSIVE;
				CLANG_CXX_LANGUAGE_STANDARD = "gnu++14";
				CLANG_CXX_LIBRARY = "libc++";
				CLANG_ENABLE_MODULES = YES;
				CLANG_ENABLE_OBJC_ARC = YES;
				CLANG_ENABLE_OBJC_WEAK = YES;
				CLANG_WARN_BLOCK_CAPTURE_AUTORELEASING = YES;
				CLANG_WARN_BOOL_CONVERSION = YES;
				CLANG_WARN_COMMA = YES;
				CLANG_WARN_CONSTANT_CONVERSION = YES;
				CLANG_WARN_DEPRECATED_OBJC_IMPLEMENTATIONS = YES;
				CLANG_WARN_DIRECT_OBJC_ISA_USAGE = YES_ERROR;
				CLANG_WARN_DOCUMENTATION_COMMENTS = YES;
				CLANG_WARN_EMPTY_BODY = YES;
				CLANG_WARN_ENUM_CONVERSION = YES;
				CLANG_WARN_INFINITE_RECURSION = YES;
				CLANG_WARN_INT_CONVERSION = YES;
				CLANG_WARN_NON_LITERAL_NULL_CONVERSION = YES;
				CLANG_WARN_OBJC_IMPLICIT_RETAIN_SELF = YES;
				CLANG_WARN_OBJC_LITERAL_CONVERSION = YES;
				CLANG_WARN_OBJC_ROOT_CLASS = YES_ERROR;
				CLANG_WARN_RANGE_LOOP_ANALYSIS = YES;
				CLANG_WARN_STRICT_PROTOTYPES = YES;
				CLANG_WARN_SUSPICIOUS_MOVE = YES;
				CLANG_WARN_UNGUARDED_AVAILABILITY = YES_AGGRESSIVE;
				CLANG_WARN_UNREACHABLE_CODE = YES;
				CLANG_WARN__DUPLICATE_METHOD_MATCH = YES;
				COPY_PHASE_STRIP = NO;
				DEBUG_INFORMATION_FORMAT = dwarf;
				ENABLE_STRICT_OBJC_MSGSEND = YES;
				ENABLE_TESTABILITY = YES;
				GCC_C_LANGUAGE_STANDARD = gnu11;
				GCC_DYNAMIC_NO_PIC = NO;
				GCC_NO_COMMON_BLOCKS = YES;
				GCC_OPTIMIZATION_LEVEL = 0;
				GCC_PREPROCESSOR_DEFINITIONS = (
					"DEBUG=1",
					"$(inherited)",
				);
				GCC_WARN_64_TO_32_BIT_CONVERSION = YES;
				GCC_WARN_ABOUT_RETURN_TYPE = YES_ERROR;
				GCC_WARN_UNDECLARED_SELECTOR = YES;
				GCC_WARN_UNINITIALIZED_AUTOS = YES_AGGRESSIVE;
				GCC_WARN_UNUSED_FUNCTION = YES;
				GCC_WARN_UNUSED_VARIABLE = YES;
				IPHONEOS_DEPLOYMENT_TARGET = 13.0;
				MTL_ENABLE_DEBUG_INFO = INCLUDE_SOURCE;
				MTL_FAST_MATH = YES;
				ONLY_ACTIVE_ARCH = YES;
				SDKROOT = iphoneos;
				SWIFT_ACTIVE_COMPILATION_CONDITIONS = DEBUG;
				SWIFT_OPTIMIZATION_LEVEL = "-Onone";
			};
			name = Debug;
		};
		BA96D792247ECC31000E3C5F /* Release */ = {
			isa = XCBuildConfiguration;
			buildSettings = {
				ALWAYS_SEARCH_USER_PATHS = NO;
				CLANG_ANALYZER_NONNULL = YES;
				CLANG_ANALYZER_NUMBER_OBJECT_CONVERSION = YES_AGGRESSIVE;
				CLANG_CXX_LANGUAGE_STANDARD = "gnu++14";
				CLANG_CXX_LIBRARY = "libc++";
				CLANG_ENABLE_MODULES = YES;
				CLANG_ENABLE_OBJC_ARC = YES;
				CLANG_ENABLE_OBJC_WEAK = YES;
				CLANG_WARN_BLOCK_CAPTURE_AUTORELEASING = YES;
				CLANG_WARN_BOOL_CONVERSION = YES;
				CLANG_WARN_COMMA = YES;
				CLANG_WARN_CONSTANT_CONVERSION = YES;
				CLANG_WARN_DEPRECATED_OBJC_IMPLEMENTATIONS = YES;
				CLANG_WARN_DIRECT_OBJC_ISA_USAGE = YES_ERROR;
				CLANG_WARN_DOCUMENTATION_COMMENTS = YES;
				CLANG_WARN_EMPTY_BODY = YES;
				CLANG_WARN_ENUM_CONVERSION = YES;
				CLANG_WARN_INFINITE_RECURSION = YES;
				CLANG_WARN_INT_CONVERSION = YES;
				CLANG_WARN_NON_LITERAL_NULL_CONVERSION = YES;
				CLANG_WARN_OBJC_IMPLICIT_RETAIN_SELF = YES;
				CLANG_WARN_OBJC_LITERAL_CONVERSION = YES;
				CLANG_WARN_OBJC_ROOT_CLASS = YES_ERROR;
				CLANG_WARN_RANGE_LOOP_ANALYSIS = YES;
				CLANG_WARN_STRICT_PROTOTYPES = YES;
				CLANG_WARN_SUSPICIOUS_MOVE = YES;
				CLANG_WARN_UNGUARDED_AVAILABILITY = YES_AGGRESSIVE;
				CLANG_WARN_UNREACHABLE_CODE = YES;
				CLANG_WARN__DUPLICATE_METHOD_MATCH = YES;
				COPY_PHASE_STRIP = NO;
				DEBUG_INFORMATION_FORMAT = "dwarf-with-dsym";
				ENABLE_NS_ASSERTIONS = NO;
				ENABLE_STRICT_OBJC_MSGSEND = YES;
				GCC_C_LANGUAGE_STANDARD = gnu11;
				GCC_NO_COMMON_BLOCKS = YES;
				GCC_WARN_64_TO_32_BIT_CONVERSION = YES;
				GCC_WARN_ABOUT_RETURN_TYPE = YES_ERROR;
				GCC_WARN_UNDECLARED_SELECTOR = YES;
				GCC_WARN_UNINITIALIZED_AUTOS = YES_AGGRESSIVE;
				GCC_WARN_UNUSED_FUNCTION = YES;
				GCC_WARN_UNUSED_VARIABLE = YES;
				IPHONEOS_DEPLOYMENT_TARGET = 13.0;
				MTL_ENABLE_DEBUG_INFO = NO;
				MTL_FAST_MATH = YES;
				SDKROOT = iphoneos;
				SWIFT_COMPILATION_MODE = wholemodule;
				SWIFT_OPTIMIZATION_LEVEL = "-O";
				VALIDATE_PRODUCT = YES;
			};
			name = Release;
		};
		BA96D794247ECC31000E3C5F /* Debug */ = {
			isa = XCBuildConfiguration;
			buildSettings = {
				ASSETCATALOG_COMPILER_APPICON_NAME = AppIcon;
				CODE_SIGN_STYLE = Automatic;
				DEVELOPMENT_TEAM = Q9J8U8DMSX;
				INFOPLIST_FILE = "$(SRCROOT)/BullsEyeMVC/Info.plist";
				LD_RUNPATH_SEARCH_PATHS = (
					"$(inherited)",
					"@executable_path/Frameworks",
				);
				PRODUCT_BUNDLE_IDENTIFIER = com.albertotalavan.BullsEyeMVC;
				PRODUCT_NAME = BullsEyeMVC;
				SWIFT_VERSION = 5.0;
				TARGETED_DEVICE_FAMILY = 1;
			};
			name = Debug;
		};
		BA96D795247ECC31000E3C5F /* Release */ = {
			isa = XCBuildConfiguration;
			buildSettings = {
				ASSETCATALOG_COMPILER_APPICON_NAME = AppIcon;
				CODE_SIGN_STYLE = Automatic;
				DEVELOPMENT_TEAM = Q9J8U8DMSX;
				INFOPLIST_FILE = "$(SRCROOT)/BullsEyeMVC/Info.plist";
				LD_RUNPATH_SEARCH_PATHS = (
					"$(inherited)",
					"@executable_path/Frameworks",
				);
				PRODUCT_BUNDLE_IDENTIFIER = com.albertotalavan.BullsEyeMVC;
				PRODUCT_NAME = BullsEyeMVC;
				SWIFT_VERSION = 5.0;
				TARGETED_DEVICE_FAMILY = 1;
			};
			name = Release;
		};
/* End XCBuildConfiguration section */

/* Begin XCConfigurationList section */
		BA96D77A247ECC2E000E3C5F /* Build configuration list for PBXProject "BullsEyeMVC" */ = {
			isa = XCConfigurationList;
			buildConfigurations = (
				BA96D791247ECC31000E3C5F /* Debug */,
				BA96D792247ECC31000E3C5F /* Release */,
			);
			defaultConfigurationIsVisible = 0;
			defaultConfigurationName = Release;
		};
		BA96D793247ECC31000E3C5F /* Build configuration list for PBXNativeTarget "BullsEyeMVC" */ = {
			isa = XCConfigurationList;
			buildConfigurations = (
				BA96D794247ECC31000E3C5F /* Debug */,
				BA96D795247ECC31000E3C5F /* Release */,
			);
			defaultConfigurationIsVisible = 0;
			defaultConfigurationName = Release;
		};
/* End XCConfigurationList section */
	};
	rootObject = BA96D777247ECC2E000E3C5F /* Project object */;
}
